// !$*UTF8*$!
{
	archiveVersion = 1;
	classes = {
	};
	objectVersion = 70;
	objects = {

/* Begin PBXBuildFile section */
		DB0469D42CD606EC0082CCF8 /* LevelRanks.swift in Sources */ = {isa = PBXBuildFile; fileRef = DB0469D32CD606EC0082CCF8 /* LevelRanks.swift */; };
		DB05B5E42CBA93DA001D6465 /* SceneDelegate.swift in Sources */ = {isa = PBXBuildFile; fileRef = DB05B5E32CBA93DA001D6465 /* SceneDelegate.swift */; };
		DB0938E72C98352700BC3505 /* Extension.swift in Sources */ = {isa = PBXBuildFile; fileRef = DB0938E62C98352700BC3505 /* Extension.swift */; };
		DB13E7C52C8DA489002A5EED /* StatsView.swift in Sources */ = {isa = PBXBuildFile; fileRef = DB13E7C42C8DA489002A5EED /* StatsView.swift */; };
		DB3ACD042D33E48A00E624B6 /* HistorySets.swift in Sources */ = {isa = PBXBuildFile; fileRef = DB3ACD032D33E48A00E624B6 /* HistorySets.swift */; };
		DB63AF162CD4C1D6000F41B2 /* LevelsView.swift in Sources */ = {isa = PBXBuildFile; fileRef = DB63AF152CD4C1D6000F41B2 /* LevelsView.swift */; };
		DB68B7282CB293E100727C44 /* SelectWorkoutView.swift in Sources */ = {isa = PBXBuildFile; fileRef = DB68B7272CB293E100727C44 /* SelectWorkoutView.swift */; };
		DB7F6E902C635842001C9D59 /* HomeScreenView.swift in Sources */ = {isa = PBXBuildFile; fileRef = DB7F6E8F2C635842001C9D59 /* HomeScreenView.swift */; };
		DB7F6E932C635971001C9D59 /* ProgressBarView.swift in Sources */ = {isa = PBXBuildFile; fileRef = DB7F6E922C635971001C9D59 /* ProgressBarView.swift */; };
		DB7F6E952C63A506001C9D59 /* TodayActivitiesView.swift in Sources */ = {isa = PBXBuildFile; fileRef = DB7F6E942C63A506001C9D59 /* TodayActivitiesView.swift */; };
		DB894FCC2CF4714C0068059D /* ChallengeView.swift in Sources */ = {isa = PBXBuildFile; fileRef = DB894FCB2CF4714C0068059D /* ChallengeView.swift */; };
		DB8AA4F62CF30ECC005681B4 /* BodyWeightAndPersonalGoalView.swift in Sources */ = {isa = PBXBuildFile; fileRef = DB8AA4F52CF30ECC005681B4 /* BodyWeightAndPersonalGoalView.swift */; };
		DB8AA4F82CF34E12005681B4 /* PersonalGoalView.swift in Sources */ = {isa = PBXBuildFile; fileRef = DB8AA4F72CF34E12005681B4 /* PersonalGoalView.swift */; };
		DB8D4EA42C5A21C000F84C41 /* No_Game_No_GainApp.swift in Sources */ = {isa = PBXBuildFile; fileRef = DB8D4EA32C5A21C000F84C41 /* No_Game_No_GainApp.swift */; };
		DB8D4EA62C5A21C000F84C41 /* ContentView.swift in Sources */ = {isa = PBXBuildFile; fileRef = DB8D4EA52C5A21C000F84C41 /* ContentView.swift */; };
		DB8D4EA82C5A21C000F84C41 /* Assets.xcassets in Resources */ = {isa = PBXBuildFile; fileRef = DB8D4EA72C5A21C000F84C41 /* Assets.xcassets */; };
		DB8D4EAB2C5A21C000F84C41 /* Preview Assets.xcassets in Resources */ = {isa = PBXBuildFile; fileRef = DB8D4EAA2C5A21C000F84C41 /* Preview Assets.xcassets */; };
		DB97BC062C75B85D007970CD /* WorkoutView.swift in Sources */ = {isa = PBXBuildFile; fileRef = DB97BC052C75B85D007970CD /* WorkoutView.swift */; };
		DBA0677E2CB97250001B76FD /* StopwatchView.swift in Sources */ = {isa = PBXBuildFile; fileRef = DBA0677D2CB97250001B76FD /* StopwatchView.swift */; };
		DBA8624E2CC3D52B0052E651 /* UserAccount.swift in Sources */ = {isa = PBXBuildFile; fileRef = DBA8624D2CC3D52B0052E651 /* UserAccount.swift */; };
		DBAF8A7E2D292F7E00D5ED67 /* CircularProgressView.swift in Sources */ = {isa = PBXBuildFile; fileRef = DBAF8A7D2D292F7E00D5ED67 /* CircularProgressView.swift */; };
		DBCEE1AC2C9B15C400808BC0 /* WorkoutCreator.swift in Sources */ = {isa = PBXBuildFile; fileRef = DBCEE1AB2C9B15C400808BC0 /* WorkoutCreator.swift */; };
		DBCEE1AE2C9B15FE00808BC0 /* WorkoutSession.swift in Sources */ = {isa = PBXBuildFile; fileRef = DBCEE1AD2C9B15FE00808BC0 /* WorkoutSession.swift */; };
		DBCFE7B52CE8958C00493D90 /* HealthKitManager.swift in Sources */ = {isa = PBXBuildFile; fileRef = DBCFE7B42CE8958C00493D90 /* HealthKitManager.swift */; };
		DBD1E8282C9C221800D419C6 /* WorkoutHistory.swift in Sources */ = {isa = PBXBuildFile; fileRef = DBD1E8272C9C221800D419C6 /* WorkoutHistory.swift */; };
		DBD1E82D2C9C23E200D419C6 /* MyWorkoutsView.swift in Sources */ = {isa = PBXBuildFile; fileRef = DBD1E82C2C9C23E200D419C6 /* MyWorkoutsView.swift */; };
		DBD1E82F2C9C284B00D419C6 /* CreateWorkoutView.swift in Sources */ = {isa = PBXBuildFile; fileRef = DBD1E82E2C9C284B00D419C6 /* CreateWorkoutView.swift */; };
		DBD1E8312C9C285B00D419C6 /* CreateExerciseView.swift in Sources */ = {isa = PBXBuildFile; fileRef = DBD1E8302C9C285B00D419C6 /* CreateExerciseView.swift */; };
		DBDBF34D2C7F028F00D8CE7A /* WorkoutView-ViewModel.swift in Sources */ = {isa = PBXBuildFile; fileRef = DBDBF34C2C7F028F00D8CE7A /* WorkoutView-ViewModel.swift */; };
/* End PBXBuildFile section */

/* Begin PBXContainerItemProxy section */
		DB4352352D2E657600D1D64F /* PBXContainerItemProxy */ = {
			isa = PBXContainerItemProxy;
			containerPortal = DB8D4E982C5A21BF00F84C41 /* Project object */;
			proxyType = 1;
			remoteGlobalIDString = DB8D4E9F2C5A21BF00F84C41;
			remoteInfo = "No Game No Gain";
		};
		DBFBD5BA2D2C2869008ACC6C /* PBXContainerItemProxy */ = {
			isa = PBXContainerItemProxy;
			containerPortal = DB8D4E982C5A21BF00F84C41 /* Project object */;
			proxyType = 1;
			remoteGlobalIDString = DB8D4E9F2C5A21BF00F84C41;
			remoteInfo = "No Game No Gain";
		};
/* End PBXContainerItemProxy section */

/* Begin PBXFileReference section */
		DB0469D32CD606EC0082CCF8 /* LevelRanks.swift */ = {isa = PBXFileReference; lastKnownFileType = sourcecode.swift; path = LevelRanks.swift; sourceTree = "<group>"; };
		DB05B5E32CBA93DA001D6465 /* SceneDelegate.swift */ = {isa = PBXFileReference; lastKnownFileType = sourcecode.swift; path = SceneDelegate.swift; sourceTree = "<group>"; };
		DB0938E62C98352700BC3505 /* Extension.swift */ = {isa = PBXFileReference; lastKnownFileType = sourcecode.swift; path = Extension.swift; sourceTree = "<group>"; };
		DB13E7C42C8DA489002A5EED /* StatsView.swift */ = {isa = PBXFileReference; lastKnownFileType = sourcecode.swift; path = StatsView.swift; sourceTree = "<group>"; };
		DB3ACD032D33E48A00E624B6 /* HistorySets.swift */ = {isa = PBXFileReference; lastKnownFileType = sourcecode.swift; name = HistorySets.swift; path = "No Game No Gain/History & Stats/HistorySets.swift"; sourceTree = SOURCE_ROOT; };
		DB43522F2D2E657600D1D64F /* NoGameNoGainUITests.xctest */ = {isa = PBXFileReference; explicitFileType = wrapper.cfbundle; includeInIndex = 0; path = NoGameNoGainUITests.xctest; sourceTree = BUILT_PRODUCTS_DIR; };
		DB4352482D2E844B00D1D64F /* No Game No Gain.xctestplan */ = {isa = PBXFileReference; lastKnownFileType = text; path = "No Game No Gain.xctestplan"; sourceTree = "<group>"; };
		DB63AF152CD4C1D6000F41B2 /* LevelsView.swift */ = {isa = PBXFileReference; lastKnownFileType = sourcecode.swift; path = LevelsView.swift; sourceTree = "<group>"; };
		DB68B7272CB293E100727C44 /* SelectWorkoutView.swift */ = {isa = PBXFileReference; lastKnownFileType = sourcecode.swift; path = SelectWorkoutView.swift; sourceTree = "<group>"; };
		DB7F6E8F2C635842001C9D59 /* HomeScreenView.swift */ = {isa = PBXFileReference; lastKnownFileType = sourcecode.swift; path = HomeScreenView.swift; sourceTree = "<group>"; };
		DB7F6E922C635971001C9D59 /* ProgressBarView.swift */ = {isa = PBXFileReference; lastKnownFileType = sourcecode.swift; path = ProgressBarView.swift; sourceTree = "<group>"; };
		DB7F6E942C63A506001C9D59 /* TodayActivitiesView.swift */ = {isa = PBXFileReference; lastKnownFileType = sourcecode.swift; path = TodayActivitiesView.swift; sourceTree = "<group>"; };
		DB894FCB2CF4714C0068059D /* ChallengeView.swift */ = {isa = PBXFileReference; lastKnownFileType = sourcecode.swift; path = ChallengeView.swift; sourceTree = "<group>"; };
		DB8AA4F52CF30ECC005681B4 /* BodyWeightAndPersonalGoalView.swift */ = {isa = PBXFileReference; lastKnownFileType = sourcecode.swift; path = BodyWeightAndPersonalGoalView.swift; sourceTree = "<group>"; };
		DB8AA4F72CF34E12005681B4 /* PersonalGoalView.swift */ = {isa = PBXFileReference; lastKnownFileType = sourcecode.swift; path = PersonalGoalView.swift; sourceTree = "<group>"; };
		DB8D4EA02C5A21C000F84C41 /* No Game No Gain.app */ = {isa = PBXFileReference; explicitFileType = wrapper.application; includeInIndex = 0; path = "No Game No Gain.app"; sourceTree = BUILT_PRODUCTS_DIR; };
		DB8D4EA32C5A21C000F84C41 /* No_Game_No_GainApp.swift */ = {isa = PBXFileReference; lastKnownFileType = sourcecode.swift; path = No_Game_No_GainApp.swift; sourceTree = "<group>"; };
		DB8D4EA52C5A21C000F84C41 /* ContentView.swift */ = {isa = PBXFileReference; lastKnownFileType = sourcecode.swift; path = ContentView.swift; sourceTree = "<group>"; };
		DB8D4EA72C5A21C000F84C41 /* Assets.xcassets */ = {isa = PBXFileReference; lastKnownFileType = folder.assetcatalog; path = Assets.xcassets; sourceTree = "<group>"; };
		DB8D4EAA2C5A21C000F84C41 /* Preview Assets.xcassets */ = {isa = PBXFileReference; lastKnownFileType = folder.assetcatalog; path = "Preview Assets.xcassets"; sourceTree = "<group>"; };
		DB97BC052C75B85D007970CD /* WorkoutView.swift */ = {isa = PBXFileReference; lastKnownFileType = sourcecode.swift; path = WorkoutView.swift; sourceTree = "<group>"; };
		DBA0677D2CB97250001B76FD /* StopwatchView.swift */ = {isa = PBXFileReference; lastKnownFileType = sourcecode.swift; path = StopwatchView.swift; sourceTree = "<group>"; };
		DBA8624D2CC3D52B0052E651 /* UserAccount.swift */ = {isa = PBXFileReference; lastKnownFileType = sourcecode.swift; path = UserAccount.swift; sourceTree = "<group>"; };
		DBAF8A7D2D292F7E00D5ED67 /* CircularProgressView.swift */ = {isa = PBXFileReference; lastKnownFileType = sourcecode.swift; path = CircularProgressView.swift; sourceTree = "<group>"; };
		DBCEE1AB2C9B15C400808BC0 /* WorkoutCreator.swift */ = {isa = PBXFileReference; lastKnownFileType = sourcecode.swift; path = WorkoutCreator.swift; sourceTree = "<group>"; };
		DBCEE1AD2C9B15FE00808BC0 /* WorkoutSession.swift */ = {isa = PBXFileReference; lastKnownFileType = sourcecode.swift; path = WorkoutSession.swift; sourceTree = "<group>"; };
		DBCFE7AF2CE8719900493D90 /* No Game No Gain.entitlements */ = {isa = PBXFileReference; lastKnownFileType = text.plist.entitlements; path = "No Game No Gain.entitlements"; sourceTree = "<group>"; };
		DBCFE7B42CE8958C00493D90 /* HealthKitManager.swift */ = {isa = PBXFileReference; lastKnownFileType = sourcecode.swift; path = HealthKitManager.swift; sourceTree = "<group>"; };
		DBD1E8272C9C221800D419C6 /* WorkoutHistory.swift */ = {isa = PBXFileReference; lastKnownFileType = sourcecode.swift; path = WorkoutHistory.swift; sourceTree = "<group>"; };
		DBD1E82C2C9C23E200D419C6 /* MyWorkoutsView.swift */ = {isa = PBXFileReference; lastKnownFileType = sourcecode.swift; path = MyWorkoutsView.swift; sourceTree = "<group>"; };
		DBD1E82E2C9C284B00D419C6 /* CreateWorkoutView.swift */ = {isa = PBXFileReference; lastKnownFileType = sourcecode.swift; path = CreateWorkoutView.swift; sourceTree = "<group>"; };
		DBD1E8302C9C285B00D419C6 /* CreateExerciseView.swift */ = {isa = PBXFileReference; lastKnownFileType = sourcecode.swift; path = CreateExerciseView.swift; sourceTree = "<group>"; };
		DBDBF34C2C7F028F00D8CE7A /* WorkoutView-ViewModel.swift */ = {isa = PBXFileReference; lastKnownFileType = sourcecode.swift; path = "WorkoutView-ViewModel.swift"; sourceTree = "<group>"; };
		DBFBD5B62D2C2869008ACC6C /* No Game No GainTests.xctest */ = {isa = PBXFileReference; explicitFileType = wrapper.cfbundle; includeInIndex = 0; path = "No Game No GainTests.xctest"; sourceTree = BUILT_PRODUCTS_DIR; };
/* End PBXFileReference section */

/* Begin PBXFileSystemSynchronizedRootGroup section */
		DB3ACD002D33DEBF00E624B6 /* History & Stats */ = {isa = PBXFileSystemSynchronizedRootGroup; explicitFileTypes = {}; explicitFolders = (); path = "History & Stats"; sourceTree = "<group>"; };
		DB4352302D2E657600D1D64F /* NoGameNoGainUITests */ = {isa = PBXFileSystemSynchronizedRootGroup; explicitFileTypes = {}; explicitFolders = (); path = NoGameNoGainUITests; sourceTree = "<group>"; };
		DBFBD5B72D2C2869008ACC6C /* No Game No GainTests */ = {isa = PBXFileSystemSynchronizedRootGroup; explicitFileTypes = {}; explicitFolders = (); path = "No Game No GainTests"; sourceTree = "<group>"; };
/* End PBXFileSystemSynchronizedRootGroup section */

/* Begin PBXFrameworksBuildPhase section */
		DB43522C2D2E657600D1D64F /* Frameworks */ = {
			isa = PBXFrameworksBuildPhase;
			buildActionMask = 2147483647;
			files = (
			);
			runOnlyForDeploymentPostprocessing = 0;
		};
		DB8D4E9D2C5A21BF00F84C41 /* Frameworks */ = {
			isa = PBXFrameworksBuildPhase;
			buildActionMask = 2147483647;
			files = (
			);
			runOnlyForDeploymentPostprocessing = 0;
		};
		DBFBD5B32D2C2869008ACC6C /* Frameworks */ = {
			isa = PBXFrameworksBuildPhase;
			buildActionMask = 2147483647;
			files = (
			);
			runOnlyForDeploymentPostprocessing = 0;
		};
/* End PBXFrameworksBuildPhase section */

/* Begin PBXGroup section */
		DB7F6E8E2C63582B001C9D59 /* HomeScreen */ = {
			isa = PBXGroup;
			children = (
				DB7F6E8F2C635842001C9D59 /* HomeScreenView.swift */,
			);
			path = HomeScreen;
			sourceTree = "<group>";
		};
		DB7F6E912C635960001C9D59 /* Components */ = {
			isa = PBXGroup;
			children = (
				DB63AF152CD4C1D6000F41B2 /* LevelsView.swift */,
				DB7F6E922C635971001C9D59 /* ProgressBarView.swift */,
				DB7F6E942C63A506001C9D59 /* TodayActivitiesView.swift */,
				DB13E7C42C8DA489002A5EED /* StatsView.swift */,
				DB0938E62C98352700BC3505 /* Extension.swift */,
				DB05B5E32CBA93DA001D6465 /* SceneDelegate.swift */,
				DBCFE7B42CE8958C00493D90 /* HealthKitManager.swift */,
				DB8AA4F52CF30ECC005681B4 /* BodyWeightAndPersonalGoalView.swift */,
				DB8AA4F72CF34E12005681B4 /* PersonalGoalView.swift */,
				DB894FCB2CF4714C0068059D /* ChallengeView.swift */,
			);
			path = Components;
			sourceTree = "<group>";
		};
		DB8D4E972C5A21BF00F84C41 = {
			isa = PBXGroup;
			children = (
				DB4352482D2E844B00D1D64F /* No Game No Gain.xctestplan */,
				DB8D4EA22C5A21C000F84C41 /* No Game No Gain */,
				DBFBD5B72D2C2869008ACC6C /* No Game No GainTests */,
				DB4352302D2E657600D1D64F /* NoGameNoGainUITests */,
				DB8D4EA12C5A21C000F84C41 /* Products */,
			);
			sourceTree = "<group>";
		};
		DB8D4EA12C5A21C000F84C41 /* Products */ = {
			isa = PBXGroup;
			children = (
				DB8D4EA02C5A21C000F84C41 /* No Game No Gain.app */,
				DBFBD5B62D2C2869008ACC6C /* No Game No GainTests.xctest */,
				DB43522F2D2E657600D1D64F /* NoGameNoGainUITests.xctest */,
			);
			name = Products;
			sourceTree = "<group>";
		};
		DB8D4EA22C5A21C000F84C41 /* No Game No Gain */ = {
			isa = PBXGroup;
			children = (
				DBCFE7AF2CE8719900493D90 /* No Game No Gain.entitlements */,
				DB3ACD002D33DEBF00E624B6 /* History & Stats */,
				DBD1E82B2C9C235100D419C6 /* WorkoutsCreator */,
				DB97BC042C75B83D007970CD /* WorkoutSession */,
				DB7F6E912C635960001C9D59 /* Components */,
				DB7F6E8E2C63582B001C9D59 /* HomeScreen */,
				DBCEE1A82C9B0F1200808BC0 /* DataStructures */,
				DB8D4EA52C5A21C000F84C41 /* ContentView.swift */,
				DB8D4EA32C5A21C000F84C41 /* No_Game_No_GainApp.swift */,
				DB8D4EA72C5A21C000F84C41 /* Assets.xcassets */,
				DB8D4EA92C5A21C000F84C41 /* Preview Content */,
			);
			path = "No Game No Gain";
			sourceTree = "<group>";
		};
		DB8D4EA92C5A21C000F84C41 /* Preview Content */ = {
			isa = PBXGroup;
			children = (
				DB8D4EAA2C5A21C000F84C41 /* Preview Assets.xcassets */,
			);
			path = "Preview Content";
			sourceTree = "<group>";
		};
		DB97BC042C75B83D007970CD /* WorkoutSession */ = {
			isa = PBXGroup;
			children = (
				DB97BC052C75B85D007970CD /* WorkoutView.swift */,
				DBDBF34C2C7F028F00D8CE7A /* WorkoutView-ViewModel.swift */,
				DB68B7272CB293E100727C44 /* SelectWorkoutView.swift */,
				DBA0677D2CB97250001B76FD /* StopwatchView.swift */,
				DBAF8A7D2D292F7E00D5ED67 /* CircularProgressView.swift */,
			);
			path = WorkoutSession;
			sourceTree = "<group>";
		};
		DBCEE1A82C9B0F1200808BC0 /* DataStructures */ = {
			isa = PBXGroup;
			children = (
				DBCEE1AB2C9B15C400808BC0 /* WorkoutCreator.swift */,
				DBCEE1AD2C9B15FE00808BC0 /* WorkoutSession.swift */,
				DB3ACD032D33E48A00E624B6 /* HistorySets.swift */,
				DBD1E8272C9C221800D419C6 /* WorkoutHistory.swift */,
				DBA8624D2CC3D52B0052E651 /* UserAccount.swift */,
				DB0469D32CD606EC0082CCF8 /* LevelRanks.swift */,
			);
			path = DataStructures;
			sourceTree = "<group>";
		};
		DBD1E82B2C9C235100D419C6 /* WorkoutsCreator */ = {
			isa = PBXGroup;
			children = (
				DBD1E82C2C9C23E200D419C6 /* MyWorkoutsView.swift */,
				DBD1E82E2C9C284B00D419C6 /* CreateWorkoutView.swift */,
				DBD1E8302C9C285B00D419C6 /* CreateExerciseView.swift */,
			);
			path = WorkoutsCreator;
			sourceTree = "<group>";
		};
/* End PBXGroup section */

/* Begin PBXNativeTarget section */
		DB43522E2D2E657600D1D64F /* NoGameNoGainUITests */ = {
			isa = PBXNativeTarget;
			buildConfigurationList = DB4352392D2E657600D1D64F /* Build configuration list for PBXNativeTarget "NoGameNoGainUITests" */;
			buildPhases = (
				DB43522B2D2E657600D1D64F /* Sources */,
				DB43522C2D2E657600D1D64F /* Frameworks */,
				DB43522D2D2E657600D1D64F /* Resources */,
			);
			buildRules = (
			);
			dependencies = (
				DB4352362D2E657600D1D64F /* PBXTargetDependency */,
			);
			fileSystemSynchronizedGroups = (
				DB4352302D2E657600D1D64F /* NoGameNoGainUITests */,
			);
			name = NoGameNoGainUITests;
			packageProductDependencies = (
			);
			productName = NoGameNoGainUITests;
			productReference = DB43522F2D2E657600D1D64F /* NoGameNoGainUITests.xctest */;
			productType = "com.apple.product-type.bundle.ui-testing";
		};
		DB8D4E9F2C5A21BF00F84C41 /* No Game No Gain */ = {
			isa = PBXNativeTarget;
			buildConfigurationList = DB8D4EAE2C5A21C000F84C41 /* Build configuration list for PBXNativeTarget "No Game No Gain" */;
			buildPhases = (
				DB8D4E9C2C5A21BF00F84C41 /* Sources */,
				DB8D4E9D2C5A21BF00F84C41 /* Frameworks */,
				DB8D4E9E2C5A21BF00F84C41 /* Resources */,
			);
			buildRules = (
			);
			dependencies = (
			);
			fileSystemSynchronizedGroups = (
				DB3ACD002D33DEBF00E624B6 /* History & Stats */,
			);
			name = "No Game No Gain";
			productName = "No Game No Gain";
			productReference = DB8D4EA02C5A21C000F84C41 /* No Game No Gain.app */;
			productType = "com.apple.product-type.application";
		};
		DBFBD5B52D2C2869008ACC6C /* No Game No GainTests */ = {
			isa = PBXNativeTarget;
			buildConfigurationList = DBFBD5BC2D2C2869008ACC6C /* Build configuration list for PBXNativeTarget "No Game No GainTests" */;
			buildPhases = (
				DBFBD5B22D2C2869008ACC6C /* Sources */,
				DBFBD5B32D2C2869008ACC6C /* Frameworks */,
				DBFBD5B42D2C2869008ACC6C /* Resources */,
			);
			buildRules = (
			);
			dependencies = (
				DBFBD5BB2D2C2869008ACC6C /* PBXTargetDependency */,
			);
			fileSystemSynchronizedGroups = (
				DBFBD5B72D2C2869008ACC6C /* No Game No GainTests */,
			);
			name = "No Game No GainTests";
			packageProductDependencies = (
			);
			productName = "No Game No GainTests";
			productReference = DBFBD5B62D2C2869008ACC6C /* No Game No GainTests.xctest */;
			productType = "com.apple.product-type.bundle.unit-test";
		};
/* End PBXNativeTarget section */

/* Begin PBXProject section */
		DB8D4E982C5A21BF00F84C41 /* Project object */ = {
			isa = PBXProject;
			attributes = {
				BuildIndependentTargetsInParallel = 1;
				LastSwiftUpdateCheck = 1620;
				LastUpgradeCheck = 1540;
				TargetAttributes = {
					DB43522E2D2E657600D1D64F = {
						CreatedOnToolsVersion = 16.2;
						TestTargetID = DB8D4E9F2C5A21BF00F84C41;
					};
					DB8D4E9F2C5A21BF00F84C41 = {
						CreatedOnToolsVersion = 15.4;
					};
					DBFBD5B52D2C2869008ACC6C = {
						CreatedOnToolsVersion = 16.2;
						TestTargetID = DB8D4E9F2C5A21BF00F84C41;
					};
				};
			};
			buildConfigurationList = DB8D4E9B2C5A21BF00F84C41 /* Build configuration list for PBXProject "No Game No Gain" */;
			compatibilityVersion = "Xcode 14.0";
			developmentRegion = en;
			hasScannedForEncodings = 0;
			knownRegions = (
				en,
				Base,
			);
			mainGroup = DB8D4E972C5A21BF00F84C41;
			productRefGroup = DB8D4EA12C5A21C000F84C41 /* Products */;
			projectDirPath = "";
			projectRoot = "";
			targets = (
				DB8D4E9F2C5A21BF00F84C41 /* No Game No Gain */,
				DBFBD5B52D2C2869008ACC6C /* No Game No GainTests */,
				DB43522E2D2E657600D1D64F /* NoGameNoGainUITests */,
			);
		};
/* End PBXProject section */

/* Begin PBXResourcesBuildPhase section */
		DB43522D2D2E657600D1D64F /* Resources */ = {
			isa = PBXResourcesBuildPhase;
			buildActionMask = 2147483647;
			files = (
			);
			runOnlyForDeploymentPostprocessing = 0;
		};
		DB8D4E9E2C5A21BF00F84C41 /* Resources */ = {
			isa = PBXResourcesBuildPhase;
			buildActionMask = 2147483647;
			files = (
				DB8D4EAB2C5A21C000F84C41 /* Preview Assets.xcassets in Resources */,
				DB8D4EA82C5A21C000F84C41 /* Assets.xcassets in Resources */,
			);
			runOnlyForDeploymentPostprocessing = 0;
		};
		DBFBD5B42D2C2869008ACC6C /* Resources */ = {
			isa = PBXResourcesBuildPhase;
			buildActionMask = 2147483647;
			files = (
			);
			runOnlyForDeploymentPostprocessing = 0;
		};
/* End PBXResourcesBuildPhase section */

/* Begin PBXSourcesBuildPhase section */
		DB43522B2D2E657600D1D64F /* Sources */ = {
			isa = PBXSourcesBuildPhase;
			buildActionMask = 2147483647;
			files = (
			);
			runOnlyForDeploymentPostprocessing = 0;
		};
		DB8D4E9C2C5A21BF00F84C41 /* Sources */ = {
			isa = PBXSourcesBuildPhase;
			buildActionMask = 2147483647;
			files = (
				DB97BC062C75B85D007970CD /* WorkoutView.swift in Sources */,
				DBAF8A7E2D292F7E00D5ED67 /* CircularProgressView.swift in Sources */,
				DB7F6E902C635842001C9D59 /* HomeScreenView.swift in Sources */,
				DBCFE7B52CE8958C00493D90 /* HealthKitManager.swift in Sources */,
				DB894FCC2CF4714C0068059D /* ChallengeView.swift in Sources */,
				DB3ACD042D33E48A00E624B6 /* HistorySets.swift in Sources */,
				DB8AA4F82CF34E12005681B4 /* PersonalGoalView.swift in Sources */,
				DBCEE1AE2C9B15FE00808BC0 /* WorkoutSession.swift in Sources */,
				DBD1E8282C9C221800D419C6 /* WorkoutHistory.swift in Sources */,
				DB63AF162CD4C1D6000F41B2 /* LevelsView.swift in Sources */,
				DB8AA4F62CF30ECC005681B4 /* BodyWeightAndPersonalGoalView.swift in Sources */,
				DBA8624E2CC3D52B0052E651 /* UserAccount.swift in Sources */,
				DB7F6E932C635971001C9D59 /* ProgressBarView.swift in Sources */,
				DB8D4EA62C5A21C000F84C41 /* ContentView.swift in Sources */,
				DB0469D42CD606EC0082CCF8 /* LevelRanks.swift in Sources */,
				DB7F6E952C63A506001C9D59 /* TodayActivitiesView.swift in Sources */,
				DB68B7282CB293E100727C44 /* SelectWorkoutView.swift in Sources */,
				DBA0677E2CB97250001B76FD /* StopwatchView.swift in Sources */,
				DBCEE1AC2C9B15C400808BC0 /* WorkoutCreator.swift in Sources */,
				DB0938E72C98352700BC3505 /* Extension.swift in Sources */,
				DBDBF34D2C7F028F00D8CE7A /* WorkoutView-ViewModel.swift in Sources */,
				DBD1E8312C9C285B00D419C6 /* CreateExerciseView.swift in Sources */,
				DBD1E82D2C9C23E200D419C6 /* MyWorkoutsView.swift in Sources */,
				DBD1E82F2C9C284B00D419C6 /* CreateWorkoutView.swift in Sources */,
				DB05B5E42CBA93DA001D6465 /* SceneDelegate.swift in Sources */,
				DB8D4EA42C5A21C000F84C41 /* No_Game_No_GainApp.swift in Sources */,
				DB13E7C52C8DA489002A5EED /* StatsView.swift in Sources */,
			);
			runOnlyForDeploymentPostprocessing = 0;
		};
		DBFBD5B22D2C2869008ACC6C /* Sources */ = {
			isa = PBXSourcesBuildPhase;
			buildActionMask = 2147483647;
			files = (
			);
			runOnlyForDeploymentPostprocessing = 0;
		};
/* End PBXSourcesBuildPhase section */

/* Begin PBXTargetDependency section */
		DB4352362D2E657600D1D64F /* PBXTargetDependency */ = {
			isa = PBXTargetDependency;
			target = DB8D4E9F2C5A21BF00F84C41 /* No Game No Gain */;
			targetProxy = DB4352352D2E657600D1D64F /* PBXContainerItemProxy */;
		};
		DBFBD5BB2D2C2869008ACC6C /* PBXTargetDependency */ = {
			isa = PBXTargetDependency;
			target = DB8D4E9F2C5A21BF00F84C41 /* No Game No Gain */;
			targetProxy = DBFBD5BA2D2C2869008ACC6C /* PBXContainerItemProxy */;
		};
/* End PBXTargetDependency section */

/* Begin XCBuildConfiguration section */
		DB4352372D2E657600D1D64F /* Debug */ = {
			isa = XCBuildConfiguration;
			buildSettings = {
				CODE_SIGN_STYLE = Automatic;
				CURRENT_PROJECT_VERSION = 1;
				DEVELOPMENT_TEAM = FC3RG2JLGW;
				GENERATE_INFOPLIST_FILE = YES;
				IPHONEOS_DEPLOYMENT_TARGET = 18.2;
				MARKETING_VERSION = 1.0;
				PRODUCT_BUNDLE_IDENTIFIER = Boost.NoGameNoGainUITests;
				PRODUCT_NAME = "$(TARGET_NAME)";
				SWIFT_EMIT_LOC_STRINGS = NO;
				SWIFT_VERSION = 5.0;
				TARGETED_DEVICE_FAMILY = "1,2";
				TEST_TARGET_NAME = "No Game No Gain";
			};
			name = Debug;
		};
		DB4352382D2E657600D1D64F /* Release */ = {
			isa = XCBuildConfiguration;
			buildSettings = {
				CODE_SIGN_STYLE = Automatic;
				CURRENT_PROJECT_VERSION = 1;
				DEVELOPMENT_TEAM = FC3RG2JLGW;
				GENERATE_INFOPLIST_FILE = YES;
				IPHONEOS_DEPLOYMENT_TARGET = 18.2;
				MARKETING_VERSION = 1.0;
				PRODUCT_BUNDLE_IDENTIFIER = Boost.NoGameNoGainUITests;
				PRODUCT_NAME = "$(TARGET_NAME)";
				SWIFT_EMIT_LOC_STRINGS = NO;
				SWIFT_VERSION = 5.0;
				TARGETED_DEVICE_FAMILY = "1,2";
				TEST_TARGET_NAME = "No Game No Gain";
			};
			name = Release;
		};
		DB8D4EAC2C5A21C000F84C41 /* Debug */ = {
			isa = XCBuildConfiguration;
			buildSettings = {
				ALWAYS_SEARCH_USER_PATHS = NO;
				ASSETCATALOG_COMPILER_GENERATE_SWIFT_ASSET_SYMBOL_EXTENSIONS = YES;
				CLANG_ANALYZER_NONNULL = YES;
				CLANG_ANALYZER_NUMBER_OBJECT_CONVERSION = YES_AGGRESSIVE;
				CLANG_CXX_LANGUAGE_STANDARD = "gnu++20";
				CLANG_ENABLE_MODULES = YES;
				CLANG_ENABLE_OBJC_ARC = YES;
				CLANG_ENABLE_OBJC_WEAK = YES;
				CLANG_WARN_BLOCK_CAPTURE_AUTORELEASING = YES;
				CLANG_WARN_BOOL_CONVERSION = YES;
				CLANG_WARN_COMMA = YES;
				CLANG_WARN_CONSTANT_CONVERSION = YES;
				CLANG_WARN_DEPRECATED_OBJC_IMPLEMENTATIONS = YES;
				CLANG_WARN_DIRECT_OBJC_ISA_USAGE = YES_ERROR;
				CLANG_WARN_DOCUMENTATION_COMMENTS = YES;
				CLANG_WARN_EMPTY_BODY = YES;
				CLANG_WARN_ENUM_CONVERSION = YES;
				CLANG_WARN_INFINITE_RECURSION = YES;
				CLANG_WARN_INT_CONVERSION = YES;
				CLANG_WARN_NON_LITERAL_NULL_CONVERSION = YES;
				CLANG_WARN_OBJC_IMPLICIT_RETAIN_SELF = YES;
				CLANG_WARN_OBJC_LITERAL_CONVERSION = YES;
				CLANG_WARN_OBJC_ROOT_CLASS = YES_ERROR;
				CLANG_WARN_QUOTED_INCLUDE_IN_FRAMEWORK_HEADER = YES;
				CLANG_WARN_RANGE_LOOP_ANALYSIS = YES;
				CLANG_WARN_STRICT_PROTOTYPES = YES;
				CLANG_WARN_SUSPICIOUS_MOVE = YES;
				CLANG_WARN_UNGUARDED_AVAILABILITY = YES_AGGRESSIVE;
				CLANG_WARN_UNREACHABLE_CODE = YES;
				CLANG_WARN__DUPLICATE_METHOD_MATCH = YES;
				COPY_PHASE_STRIP = NO;
				DEBUG_INFORMATION_FORMAT = dwarf;
				ENABLE_STRICT_OBJC_MSGSEND = YES;
				ENABLE_TESTABILITY = YES;
				ENABLE_USER_SCRIPT_SANDBOXING = YES;
				GCC_C_LANGUAGE_STANDARD = gnu17;
				GCC_DYNAMIC_NO_PIC = NO;
				GCC_NO_COMMON_BLOCKS = YES;
				GCC_OPTIMIZATION_LEVEL = 0;
				GCC_PREPROCESSOR_DEFINITIONS = (
					"DEBUG=1",
					"$(inherited)",
				);
				GCC_WARN_64_TO_32_BIT_CONVERSION = YES;
				GCC_WARN_ABOUT_RETURN_TYPE = YES_ERROR;
				GCC_WARN_UNDECLARED_SELECTOR = YES;
				GCC_WARN_UNINITIALIZED_AUTOS = YES_AGGRESSIVE;
				GCC_WARN_UNUSED_FUNCTION = YES;
				GCC_WARN_UNUSED_VARIABLE = YES;
				IPHONEOS_DEPLOYMENT_TARGET = 17.5;
				LOCALIZATION_PREFERS_STRING_CATALOGS = YES;
				MTL_ENABLE_DEBUG_INFO = INCLUDE_SOURCE;
				MTL_FAST_MATH = YES;
				ONLY_ACTIVE_ARCH = YES;
				SDKROOT = iphoneos;
				SWIFT_ACTIVE_COMPILATION_CONDITIONS = "DEBUG $(inherited)";
				SWIFT_OPTIMIZATION_LEVEL = "-Onone";
			};
			name = Debug;
		};
		DB8D4EAD2C5A21C000F84C41 /* Release */ = {
			isa = XCBuildConfiguration;
			buildSettings = {
				ALWAYS_SEARCH_USER_PATHS = NO;
				ASSETCATALOG_COMPILER_GENERATE_SWIFT_ASSET_SYMBOL_EXTENSIONS = YES;
				CLANG_ANALYZER_NONNULL = YES;
				CLANG_ANALYZER_NUMBER_OBJECT_CONVERSION = YES_AGGRESSIVE;
				CLANG_CXX_LANGUAGE_STANDARD = "gnu++20";
				CLANG_ENABLE_MODULES = YES;
				CLANG_ENABLE_OBJC_ARC = YES;
				CLANG_ENABLE_OBJC_WEAK = YES;
				CLANG_WARN_BLOCK_CAPTURE_AUTORELEASING = YES;
				CLANG_WARN_BOOL_CONVERSION = YES;
				CLANG_WARN_COMMA = YES;
				CLANG_WARN_CONSTANT_CONVERSION = YES;
				CLANG_WARN_DEPRECATED_OBJC_IMPLEMENTATIONS = YES;
				CLANG_WARN_DIRECT_OBJC_ISA_USAGE = YES_ERROR;
				CLANG_WARN_DOCUMENTATION_COMMENTS = YES;
				CLANG_WARN_EMPTY_BODY = YES;
				CLANG_WARN_ENUM_CONVERSION = YES;
				CLANG_WARN_INFINITE_RECURSION = YES;
				CLANG_WARN_INT_CONVERSION = YES;
				CLANG_WARN_NON_LITERAL_NULL_CONVERSION = YES;
				CLANG_WARN_OBJC_IMPLICIT_RETAIN_SELF = YES;
				CLANG_WARN_OBJC_LITERAL_CONVERSION = YES;
				CLANG_WARN_OBJC_ROOT_CLASS = YES_ERROR;
				CLANG_WARN_QUOTED_INCLUDE_IN_FRAMEWORK_HEADER = YES;
				CLANG_WARN_RANGE_LOOP_ANALYSIS = YES;
				CLANG_WARN_STRICT_PROTOTYPES = YES;
				CLANG_WARN_SUSPICIOUS_MOVE = YES;
				CLANG_WARN_UNGUARDED_AVAILABILITY = YES_AGGRESSIVE;
				CLANG_WARN_UNREACHABLE_CODE = YES;
				CLANG_WARN__DUPLICATE_METHOD_MATCH = YES;
				COPY_PHASE_STRIP = NO;
				DEBUG_INFORMATION_FORMAT = "dwarf-with-dsym";
				ENABLE_NS_ASSERTIONS = NO;
				ENABLE_STRICT_OBJC_MSGSEND = YES;
				ENABLE_USER_SCRIPT_SANDBOXING = YES;
				GCC_C_LANGUAGE_STANDARD = gnu17;
				GCC_NO_COMMON_BLOCKS = YES;
				GCC_WARN_64_TO_32_BIT_CONVERSION = YES;
				GCC_WARN_ABOUT_RETURN_TYPE = YES_ERROR;
				GCC_WARN_UNDECLARED_SELECTOR = YES;
				GCC_WARN_UNINITIALIZED_AUTOS = YES_AGGRESSIVE;
				GCC_WARN_UNUSED_FUNCTION = YES;
				GCC_WARN_UNUSED_VARIABLE = YES;
				IPHONEOS_DEPLOYMENT_TARGET = 17.5;
				LOCALIZATION_PREFERS_STRING_CATALOGS = YES;
				MTL_ENABLE_DEBUG_INFO = NO;
				MTL_FAST_MATH = YES;
				SDKROOT = iphoneos;
				SWIFT_COMPILATION_MODE = wholemodule;
				VALIDATE_PRODUCT = YES;
			};
			name = Release;
		};
		DB8D4EAF2C5A21C000F84C41 /* Debug */ = {
			isa = XCBuildConfiguration;
			buildSettings = {
				ASSETCATALOG_COMPILER_APPICON_NAME = AppIcon;
				ASSETCATALOG_COMPILER_GLOBAL_ACCENT_COLOR_NAME = AccentColor;
				CODE_SIGN_ENTITLEMENTS = "No Game No Gain/No Game No Gain.entitlements";
				CODE_SIGN_STYLE = Automatic;
				CURRENT_PROJECT_VERSION = 1;
				DEVELOPMENT_ASSET_PATHS = "\"No Game No Gain/Preview Content\"";
				DEVELOPMENT_TEAM = FC3RG2JLGW;
				ENABLE_PREVIEWS = YES;
				GENERATE_INFOPLIST_FILE = YES;
				INFOPLIST_KEY_NSHealthShareUsageDescription = "\"Your Health data will be shown in app\"";
				INFOPLIST_KEY_NSHealthUpdateUsageDescription = "\"Your training data will be saved in Aplle Health\"";
				INFOPLIST_KEY_UIApplicationSceneManifest_Generation = YES;
				INFOPLIST_KEY_UIApplicationSupportsIndirectInputEvents = YES;
				INFOPLIST_KEY_UILaunchScreen_Generation = YES;
				INFOPLIST_KEY_UISupportedInterfaceOrientations = UIInterfaceOrientationPortrait;
				INFOPLIST_KEY_UISupportedInterfaceOrientations_iPad = "UIInterfaceOrientationLandscapeLeft UIInterfaceOrientationLandscapeRight UIInterfaceOrientationPortrait UIInterfaceOrientationPortraitUpsideDown";
				IPHONEOS_DEPLOYMENT_TARGET = 17.6;
				LD_RUNPATH_SEARCH_PATHS = (
					"$(inherited)",
					"@executable_path/Frameworks",
				);
				MARKETING_VERSION = 1.0;
				PRODUCT_BUNDLE_IDENTIFIER = "Boost.No-Game-No-Gain";
				PRODUCT_NAME = "$(TARGET_NAME)";
				SWIFT_EMIT_LOC_STRINGS = YES;
				SWIFT_VERSION = 5.0;
				TARGETED_DEVICE_FAMILY = "1,2";
			};
			name = Debug;
		};
		DB8D4EB02C5A21C000F84C41 /* Release */ = {
			isa = XCBuildConfiguration;
			buildSettings = {
				ASSETCATALOG_COMPILER_APPICON_NAME = AppIcon;
				ASSETCATALOG_COMPILER_GLOBAL_ACCENT_COLOR_NAME = AccentColor;
				CODE_SIGN_ENTITLEMENTS = "No Game No Gain/No Game No Gain.entitlements";
				CODE_SIGN_STYLE = Automatic;
				CURRENT_PROJECT_VERSION = 1;
				DEVELOPMENT_ASSET_PATHS = "\"No Game No Gain/Preview Content\"";
				DEVELOPMENT_TEAM = FC3RG2JLGW;
				ENABLE_PREVIEWS = YES;
				GENERATE_INFOPLIST_FILE = YES;
				INFOPLIST_KEY_NSHealthShareUsageDescription = "\"Your Health data will be shown in app\"";
				INFOPLIST_KEY_NSHealthUpdateUsageDescription = "\"Your training data will be saved in Aplle Health\"";
				INFOPLIST_KEY_UIApplicationSceneManifest_Generation = YES;
				INFOPLIST_KEY_UIApplicationSupportsIndirectInputEvents = YES;
				INFOPLIST_KEY_UILaunchScreen_Generation = YES;
				INFOPLIST_KEY_UISupportedInterfaceOrientations = UIInterfaceOrientationPortrait;
				INFOPLIST_KEY_UISupportedInterfaceOrientations_iPad = "UIInterfaceOrientationLandscapeLeft UIInterfaceOrientationLandscapeRight UIInterfaceOrientationPortrait UIInterfaceOrientationPortraitUpsideDown";
				IPHONEOS_DEPLOYMENT_TARGET = 17.6;
				LD_RUNPATH_SEARCH_PATHS = (
					"$(inherited)",
					"@executable_path/Frameworks",
				);
				MARKETING_VERSION = 1.0;
				PRODUCT_BUNDLE_IDENTIFIER = "Boost.No-Game-No-Gain";
				PRODUCT_NAME = "$(TARGET_NAME)";
				SWIFT_EMIT_LOC_STRINGS = YES;
				SWIFT_VERSION = 5.0;
				TARGETED_DEVICE_FAMILY = "1,2";
			};
			name = Release;
		};
		DBFBD5BD2D2C2869008ACC6C /* Debug */ = {
			isa = XCBuildConfiguration;
			buildSettings = {
				BUNDLE_LOADER = "$(TEST_HOST)";
				CODE_SIGN_STYLE = Automatic;
				CURRENT_PROJECT_VERSION = 1;
				DEVELOPMENT_TEAM = FC3RG2JLGW;
				GENERATE_INFOPLIST_FILE = YES;
				IPHONEOS_DEPLOYMENT_TARGET = 18.2;
				MARKETING_VERSION = 1.0;
				PRODUCT_BUNDLE_IDENTIFIER = "Boost.No-Game-No-GainTests";
				PRODUCT_NAME = "$(TARGET_NAME)";
				SWIFT_EMIT_LOC_STRINGS = NO;
				SWIFT_VERSION = 5.0;
				TARGETED_DEVICE_FAMILY = "1,2";
				TEST_HOST = "$(BUILT_PRODUCTS_DIR)/No Game No Gain.app/$(BUNDLE_EXECUTABLE_FOLDER_PATH)/No Game No Gain";
			};
			name = Debug;
		};
		DBFBD5BE2D2C2869008ACC6C /* Release */ = {
			isa = XCBuildConfiguration;
			buildSettings = {
				BUNDLE_LOADER = "$(TEST_HOST)";
				CODE_SIGN_STYLE = Automatic;
				CURRENT_PROJECT_VERSION = 1;
				DEVELOPMENT_TEAM = FC3RG2JLGW;
				GENERATE_INFOPLIST_FILE = YES;
				IPHONEOS_DEPLOYMENT_TARGET = 18.2;
				MARKETING_VERSION = 1.0;
				PRODUCT_BUNDLE_IDENTIFIER = "Boost.No-Game-No-GainTests";
				PRODUCT_NAME = "$(TARGET_NAME)";
				SWIFT_EMIT_LOC_STRINGS = NO;
				SWIFT_VERSION = 5.0;
				TARGETED_DEVICE_FAMILY = "1,2";
				TEST_HOST = "$(BUILT_PRODUCTS_DIR)/No Game No Gain.app/$(BUNDLE_EXECUTABLE_FOLDER_PATH)/No Game No Gain";
			};
			name = Release;
		};
/* End XCBuildConfiguration section */

/* Begin XCConfigurationList section */
		DB4352392D2E657600D1D64F /* Build configuration list for PBXNativeTarget "NoGameNoGainUITests" */ = {
			isa = XCConfigurationList;
			buildConfigurations = (
				DB4352372D2E657600D1D64F /* Debug */,
				DB4352382D2E657600D1D64F /* Release */,
			);
			defaultConfigurationIsVisible = 0;
			defaultConfigurationName = Release;
		};
		DB8D4E9B2C5A21BF00F84C41 /* Build configuration list for PBXProject "No Game No Gain" */ = {
			isa = XCConfigurationList;
			buildConfigurations = (
				DB8D4EAC2C5A21C000F84C41 /* Debug */,
				DB8D4EAD2C5A21C000F84C41 /* Release */,
			);
			defaultConfigurationIsVisible = 0;
			defaultConfigurationName = Release;
		};
		DB8D4EAE2C5A21C000F84C41 /* Build configuration list for PBXNativeTarget "No Game No Gain" */ = {
			isa = XCConfigurationList;
			buildConfigurations = (
				DB8D4EAF2C5A21C000F84C41 /* Debug */,
				DB8D4EB02C5A21C000F84C41 /* Release */,
			);
			defaultConfigurationIsVisible = 0;
			defaultConfigurationName = Release;
		};
		DBFBD5BC2D2C2869008ACC6C /* Build configuration list for PBXNativeTarget "No Game No GainTests" */ = {
			isa = XCConfigurationList;
			buildConfigurations = (
				DBFBD5BD2D2C2869008ACC6C /* Debug */,
				DBFBD5BE2D2C2869008ACC6C /* Release */,
			);
			defaultConfigurationIsVisible = 0;
			defaultConfigurationName = Release;
		};
/* End XCConfigurationList section */
	};
	rootObject = DB8D4E982C5A21BF00F84C41 /* Project object */;
}
